
Microsoft Visual Studio Solution File, Format Version 12.00
# Visual Studio Version 17
VisualStudioVersion = 17.0.31512.422
MinimumVisualStudioVersion = 10.0.40219.1
Project("{9A19103F-16F7-4668-BE54-9A1E7A4F7556}") = "NetSettingsCore", "NetSettings\NetSettingsCore.csproj", "{4E5FC3A6-3959-4A03-9EE0-C8C179A37277}"
EndProject
Project("{9A19103F-16F7-4668-BE54-9A1E7A4F7556}") = "NetSettingsTestCore", "NetSettingsTest\NetSettingsTestCore.csproj", "{FDA66F8D-AB54-4EC4-B158-2453F970B0EC}"
EndProject
Project("{9A19103F-16F7-4668-BE54-9A1E7A4F7556}") = "AvaloniaMVVM", "AvaloniaMVVM\AvaloniaMVVM.csproj", "{68D13C20-E81B-41A7-8036-F90EBFE60730}"
EndProject
Project("{9A19103F-16F7-4668-BE54-9A1E7A4F7556}") = "AvaloniaApplication", "AvaloniaApplication\AvaloniaApplication.csproj", "{FC7427C1-6FE8-4B6C-9D22-CCA159B26AB3}"
EndProject
Project("{8BC9CEB8-8B4A-11D0-8D11-00A0C91BC942}") = "Project1uwp", "Project1uwp\Project1uwp.vcxitems", "{D1EDBE82-4C80-4CB4-9BE3-D11F355828C9}"
EndProject
Project("{9A19103F-16F7-4668-BE54-9A1E7A4F7556}") = "NetSettingsCore.WinForms", "NetSettingsCore.WinForms\NetSettingsCore.WinForms.csproj", "{67569590-8142-4CDD-B57B-621758A30CEF}"
EndProject
Project("{9A19103F-16F7-4668-BE54-9A1E7A4F7556}") = "NetSettingsCore.Common", "NetSettingsCore.Common\NetSettingsCore.Common.csproj", "{FAB30CEF-03DA-4664-8E22-794928B5D19A}"
EndProject
Project("{9A19103F-16F7-4668-BE54-9A1E7A4F7556}") = "NetSettingsCore.Avalonia", "NetSettingsCore.Avalonia\NetSettingsCore.Avalonia.csproj", "{0C82D535-0E8F-4334-B5DA-3AF8497291FA}"
EndProject
Project("{9A19103F-16F7-4668-BE54-9A1E7A4F7556}") = "WinFormsCustomControls", "CustomControls\WinForms\WinFormsCustomControls.csproj", "{715BC09E-5F2F-431C-AF20-7459255EFC2F}"
EndProject
Project("{D954291E-2A0B-460D-934E-DC6B0785DB48}") = "NetSettingsTestCoreUno.Shared", "NetSettingsTestCoreUno\NetSettingsTestCoreUno.Shared\NetSettingsTestCoreUno.Shared.shproj", "{6279C845-92F8-4333-AB99-3D213163593C}"
EndProject
Project("{2150E333-8FDC-42A3-9474-1A3956D46DE8}") = "Platforms", "Platforms", "{1DAD2BC2-E561-48A6-82A4-3717D4D2EA02}"
EndProject
Project("{9A19103F-16F7-4668-BE54-9A1E7A4F7556}") = "NetSettingsTestCoreUno.Mobile", "NetSettingsTestCoreUno\NetSettingsTestCoreUno.Mobile\NetSettingsTestCoreUno.Mobile.csproj", "{7DFC58B0-E5B3-4D19-9C2C-F083D013903B}"
EndProject
Project("{FAE04EC0-301F-11D3-BF4B-00C04F79EFBC}") = "NetSettingsTestCoreUno.UWP", "NetSettingsTestCoreUno\NetSettingsTestCoreUno.UWP\NetSettingsTestCoreUno.UWP.csproj", "{F68629CB-CA6B-4E0A-81FB-FDD4EB86C28D}"
EndProject
Project("{9A19103F-16F7-4668-BE54-9A1E7A4F7556}") = "NetSettingsTestCoreUno.Wasm", "NetSettingsTestCoreUno\NetSettingsTestCoreUno.Wasm\NetSettingsTestCoreUno.Wasm.csproj", "{D04DF586-3FA0-4432-A1E7-9C2E8520A1C2}"
EndProject
Project("{9A19103F-16F7-4668-BE54-9A1E7A4F7556}") = "NetSettingsTestCoreUno.Skia.Wpf.Host", "NetSettingsTestCoreUno\NetSettingsTestCoreUno.Skia.Wpf.Host\NetSettingsTestCoreUno.Skia.Wpf.Host.csproj", "{C7479BE2-D3E6-4738-B16B-0BB846C425FC}"
EndProject
Project("{9A19103F-16F7-4668-BE54-9A1E7A4F7556}") = "NetSettingsTestCoreUno.Skia.Wpf", "NetSettingsTestCoreUno\NetSettingsTestCoreUno.Skia.Wpf\NetSettingsTestCoreUno.Skia.Wpf.csproj", "{E29D047D-1BA4-47A3-B513-A00B3CB891C6}"
EndProject
Project("{9A19103F-16F7-4668-BE54-9A1E7A4F7556}") = "NetSettingsTestCoreUno.Skia.Gtk", "NetSettingsTestCoreUno\NetSettingsTestCoreUno.Skia.Gtk\NetSettingsTestCoreUno.Skia.Gtk.csproj", "{42457992-A070-4998-8D39-36DFC1446345}"
EndProject
Global
	GlobalSection(SharedMSBuildProjectFiles) = preSolution
		NetSettingsTestCoreUno\NetSettingsTestCoreUno.Shared\NetSettingsTestCoreUno.Shared.projitems*{42457992-a070-4998-8d39-36dfc1446345}*SharedItemsImports = 5
		NetSettingsTestCoreUno\NetSettingsTestCoreUno.Shared\NetSettingsTestCoreUno.Shared.projitems*{6279c845-92f8-4333-ab99-3d213163593c}*SharedItemsImports = 13
		NetSettingsTestCoreUno\NetSettingsTestCoreUno.Shared\NetSettingsTestCoreUno.Shared.projitems*{d04df586-3fa0-4432-a1e7-9c2e8520a1c2}*SharedItemsImports = 5
		Project1uwp\Project1uwp.vcxitems*{d1edbe82-4c80-4cb4-9be3-d11f355828c9}*SharedItemsImports = 9
		NetSettingsTestCoreUno\NetSettingsTestCoreUno.Shared\NetSettingsTestCoreUno.Shared.projitems*{e29d047d-1ba4-47a3-b513-a00b3cb891c6}*SharedItemsImports = 5
	EndGlobalSection
	GlobalSection(SolutionConfigurationPlatforms) = preSolution
		Debug|Any CPU = Debug|Any CPU
		Debug|ARM = Debug|ARM
		Debug|ARM64 = Debug|ARM64
		Debug|x64 = Debug|x64
		Debug|x86 = Debug|x86
		Release|Any CPU = Release|Any CPU
		Release|ARM = Release|ARM
		Release|ARM64 = Release|ARM64
		Release|x64 = Release|x64
		Release|x86 = Release|x86
	EndGlobalSection
	GlobalSection(ProjectConfigurationPlatforms) = postSolution
		{4E5FC3A6-3959-4A03-9EE0-C8C179A37277}.Debug|Any CPU.ActiveCfg = Debug|Any CPU
		{4E5FC3A6-3959-4A03-9EE0-C8C179A37277}.Debug|Any CPU.Build.0 = Debug|Any CPU
		{4E5FC3A6-3959-4A03-9EE0-C8C179A37277}.Debug|ARM.ActiveCfg = Debug|Any CPU
		{4E5FC3A6-3959-4A03-9EE0-C8C179A37277}.Debug|ARM.Build.0 = Debug|Any CPU
		{4E5FC3A6-3959-4A03-9EE0-C8C179A37277}.Debug|ARM64.ActiveCfg = Debug|Any CPU
		{4E5FC3A6-3959-4A03-9EE0-C8C179A37277}.Debug|ARM64.Build.0 = Debug|Any CPU
		{4E5FC3A6-3959-4A03-9EE0-C8C179A37277}.Debug|x64.ActiveCfg = Debug|Any CPU
		{4E5FC3A6-3959-4A03-9EE0-C8C179A37277}.Debug|x64.Build.0 = Debug|Any CPU
		{4E5FC3A6-3959-4A03-9EE0-C8C179A37277}.Debug|x86.ActiveCfg = Debug|Any CPU
		{4E5FC3A6-3959-4A03-9EE0-C8C179A37277}.Debug|x86.Build.0 = Debug|Any CPU
		{4E5FC3A6-3959-4A03-9EE0-C8C179A37277}.Release|Any CPU.ActiveCfg = Release|Any CPU
		{4E5FC3A6-3959-4A03-9EE0-C8C179A37277}.Release|Any CPU.Build.0 = Release|Any CPU
		{4E5FC3A6-3959-4A03-9EE0-C8C179A37277}.Release|ARM.ActiveCfg = Release|Any CPU
		{4E5FC3A6-3959-4A03-9EE0-C8C179A37277}.Release|ARM.Build.0 = Release|Any CPU
		{4E5FC3A6-3959-4A03-9EE0-C8C179A37277}.Release|ARM64.ActiveCfg = Release|Any CPU
		{4E5FC3A6-3959-4A03-9EE0-C8C179A37277}.Release|ARM64.Build.0 = Release|Any CPU
		{4E5FC3A6-3959-4A03-9EE0-C8C179A37277}.Release|x64.ActiveCfg = Release|Any CPU
		{4E5FC3A6-3959-4A03-9EE0-C8C179A37277}.Release|x64.Build.0 = Release|Any CPU
		{4E5FC3A6-3959-4A03-9EE0-C8C179A37277}.Release|x86.ActiveCfg = Release|Any CPU
		{4E5FC3A6-3959-4A03-9EE0-C8C179A37277}.Release|x86.Build.0 = Release|Any CPU
		{FDA66F8D-AB54-4EC4-B158-2453F970B0EC}.Debug|Any CPU.ActiveCfg = Debug|Any CPU
		{FDA66F8D-AB54-4EC4-B158-2453F970B0EC}.Debug|Any CPU.Build.0 = Debug|Any CPU
		{FDA66F8D-AB54-4EC4-B158-2453F970B0EC}.Debug|ARM.ActiveCfg = Debug|Any CPU
		{FDA66F8D-AB54-4EC4-B158-2453F970B0EC}.Debug|ARM.Build.0 = Debug|Any CPU
		{FDA66F8D-AB54-4EC4-B158-2453F970B0EC}.Debug|ARM64.ActiveCfg = Debug|Any CPU
		{FDA66F8D-AB54-4EC4-B158-2453F970B0EC}.Debug|ARM64.Build.0 = Debug|Any CPU
		{FDA66F8D-AB54-4EC4-B158-2453F970B0EC}.Debug|x64.ActiveCfg = Debug|Any CPU
		{FDA66F8D-AB54-4EC4-B158-2453F970B0EC}.Debug|x64.Build.0 = Debug|Any CPU
		{FDA66F8D-AB54-4EC4-B158-2453F970B0EC}.Debug|x86.ActiveCfg = Debug|Any CPU
		{FDA66F8D-AB54-4EC4-B158-2453F970B0EC}.Debug|x86.Build.0 = Debug|Any CPU
		{FDA66F8D-AB54-4EC4-B158-2453F970B0EC}.Release|Any CPU.ActiveCfg = Release|Any CPU
		{FDA66F8D-AB54-4EC4-B158-2453F970B0EC}.Release|Any CPU.Build.0 = Release|Any CPU
		{FDA66F8D-AB54-4EC4-B158-2453F970B0EC}.Release|ARM.ActiveCfg = Release|Any CPU
		{FDA66F8D-AB54-4EC4-B158-2453F970B0EC}.Release|ARM.Build.0 = Release|Any CPU
		{FDA66F8D-AB54-4EC4-B158-2453F970B0EC}.Release|ARM64.ActiveCfg = Release|Any CPU
		{FDA66F8D-AB54-4EC4-B158-2453F970B0EC}.Release|ARM64.Build.0 = Release|Any CPU
		{FDA66F8D-AB54-4EC4-B158-2453F970B0EC}.Release|x64.ActiveCfg = Release|Any CPU
		{FDA66F8D-AB54-4EC4-B158-2453F970B0EC}.Release|x64.Build.0 = Release|Any CPU
		{FDA66F8D-AB54-4EC4-B158-2453F970B0EC}.Release|x86.ActiveCfg = Release|Any CPU
		{FDA66F8D-AB54-4EC4-B158-2453F970B0EC}.Release|x86.Build.0 = Release|Any CPU
		{68D13C20-E81B-41A7-8036-F90EBFE60730}.Debug|Any CPU.ActiveCfg = Debug|Any CPU
		{68D13C20-E81B-41A7-8036-F90EBFE60730}.Debug|Any CPU.Build.0 = Debug|Any CPU
		{68D13C20-E81B-41A7-8036-F90EBFE60730}.Debug|ARM.ActiveCfg = Debug|Any CPU
		{68D13C20-E81B-41A7-8036-F90EBFE60730}.Debug|ARM64.ActiveCfg = Debug|Any CPU
		{68D13C20-E81B-41A7-8036-F90EBFE60730}.Debug|x64.ActiveCfg = Debug|Any CPU
		{68D13C20-E81B-41A7-8036-F90EBFE60730}.Debug|x86.ActiveCfg = Debug|Any CPU
		{68D13C20-E81B-41A7-8036-F90EBFE60730}.Release|Any CPU.ActiveCfg = Release|Any CPU
		{68D13C20-E81B-41A7-8036-F90EBFE60730}.Release|Any CPU.Build.0 = Release|Any CPU
		{68D13C20-E81B-41A7-8036-F90EBFE60730}.Release|ARM.ActiveCfg = Release|Any CPU
		{68D13C20-E81B-41A7-8036-F90EBFE60730}.Release|ARM64.ActiveCfg = Release|Any CPU
		{68D13C20-E81B-41A7-8036-F90EBFE60730}.Release|x64.ActiveCfg = Release|Any CPU
		{68D13C20-E81B-41A7-8036-F90EBFE60730}.Release|x86.ActiveCfg = Release|Any CPU
		{FC7427C1-6FE8-4B6C-9D22-CCA159B26AB3}.Debug|Any CPU.ActiveCfg = Debug|Any CPU
		{FC7427C1-6FE8-4B6C-9D22-CCA159B26AB3}.Debug|Any CPU.Build.0 = Debug|Any CPU
		{FC7427C1-6FE8-4B6C-9D22-CCA159B26AB3}.Debug|ARM.ActiveCfg = Debug|Any CPU
		{FC7427C1-6FE8-4B6C-9D22-CCA159B26AB3}.Debug|ARM64.ActiveCfg = Debug|Any CPU
		{FC7427C1-6FE8-4B6C-9D22-CCA159B26AB3}.Debug|x64.ActiveCfg = Debug|Any CPU
		{FC7427C1-6FE8-4B6C-9D22-CCA159B26AB3}.Debug|x86.ActiveCfg = Debug|Any CPU
		{FC7427C1-6FE8-4B6C-9D22-CCA159B26AB3}.Release|Any CPU.ActiveCfg = Release|Any CPU
		{FC7427C1-6FE8-4B6C-9D22-CCA159B26AB3}.Release|Any CPU.Build.0 = Release|Any CPU
		{FC7427C1-6FE8-4B6C-9D22-CCA159B26AB3}.Release|ARM.ActiveCfg = Release|Any CPU
		{FC7427C1-6FE8-4B6C-9D22-CCA159B26AB3}.Release|ARM64.ActiveCfg = Release|Any CPU
		{FC7427C1-6FE8-4B6C-9D22-CCA159B26AB3}.Release|x64.ActiveCfg = Release|Any CPU
		{FC7427C1-6FE8-4B6C-9D22-CCA159B26AB3}.Release|x86.ActiveCfg = Release|Any CPU
		{67569590-8142-4CDD-B57B-621758A30CEF}.Debug|Any CPU.ActiveCfg = Debug|Any CPU
		{67569590-8142-4CDD-B57B-621758A30CEF}.Debug|Any CPU.Build.0 = Debug|Any CPU
		{67569590-8142-4CDD-B57B-621758A30CEF}.Debug|ARM.ActiveCfg = Debug|Any CPU
		{67569590-8142-4CDD-B57B-621758A30CEF}.Debug|ARM.Build.0 = Debug|Any CPU
		{67569590-8142-4CDD-B57B-621758A30CEF}.Debug|ARM64.ActiveCfg = Debug|Any CPU
		{67569590-8142-4CDD-B57B-621758A30CEF}.Debug|ARM64.Build.0 = Debug|Any CPU
		{67569590-8142-4CDD-B57B-621758A30CEF}.Debug|x64.ActiveCfg = Debug|Any CPU
		{67569590-8142-4CDD-B57B-621758A30CEF}.Debug|x64.Build.0 = Debug|Any CPU
		{67569590-8142-4CDD-B57B-621758A30CEF}.Debug|x86.ActiveCfg = Debug|Any CPU
		{67569590-8142-4CDD-B57B-621758A30CEF}.Debug|x86.Build.0 = Debug|Any CPU
		{67569590-8142-4CDD-B57B-621758A30CEF}.Release|Any CPU.ActiveCfg = Release|Any CPU
		{67569590-8142-4CDD-B57B-621758A30CEF}.Release|Any CPU.Build.0 = Release|Any CPU
		{67569590-8142-4CDD-B57B-621758A30CEF}.Release|ARM.ActiveCfg = Release|Any CPU
		{67569590-8142-4CDD-B57B-621758A30CEF}.Release|ARM.Build.0 = Release|Any CPU
		{67569590-8142-4CDD-B57B-621758A30CEF}.Release|ARM64.ActiveCfg = Release|Any CPU
		{67569590-8142-4CDD-B57B-621758A30CEF}.Release|ARM64.Build.0 = Release|Any CPU
		{67569590-8142-4CDD-B57B-621758A30CEF}.Release|x64.ActiveCfg = Release|Any CPU
		{67569590-8142-4CDD-B57B-621758A30CEF}.Release|x64.Build.0 = Release|Any CPU
		{67569590-8142-4CDD-B57B-621758A30CEF}.Release|x86.ActiveCfg = Release|Any CPU
		{67569590-8142-4CDD-B57B-621758A30CEF}.Release|x86.Build.0 = Release|Any CPU
		{FAB30CEF-03DA-4664-8E22-794928B5D19A}.Debug|Any CPU.ActiveCfg = Debug|Any CPU
		{FAB30CEF-03DA-4664-8E22-794928B5D19A}.Debug|Any CPU.Build.0 = Debug|Any CPU
		{FAB30CEF-03DA-4664-8E22-794928B5D19A}.Debug|ARM.ActiveCfg = Debug|Any CPU
		{FAB30CEF-03DA-4664-8E22-794928B5D19A}.Debug|ARM.Build.0 = Debug|Any CPU
		{FAB30CEF-03DA-4664-8E22-794928B5D19A}.Debug|ARM64.ActiveCfg = Debug|Any CPU
		{FAB30CEF-03DA-4664-8E22-794928B5D19A}.Debug|ARM64.Build.0 = Debug|Any CPU
		{FAB30CEF-03DA-4664-8E22-794928B5D19A}.Debug|x64.ActiveCfg = Debug|Any CPU
		{FAB30CEF-03DA-4664-8E22-794928B5D19A}.Debug|x64.Build.0 = Debug|Any CPU
		{FAB30CEF-03DA-4664-8E22-794928B5D19A}.Debug|x86.ActiveCfg = Debug|Any CPU
		{FAB30CEF-03DA-4664-8E22-794928B5D19A}.Debug|x86.Build.0 = Debug|Any CPU
		{FAB30CEF-03DA-4664-8E22-794928B5D19A}.Release|Any CPU.ActiveCfg = Release|Any CPU
		{FAB30CEF-03DA-4664-8E22-794928B5D19A}.Release|Any CPU.Build.0 = Release|Any CPU
		{FAB30CEF-03DA-4664-8E22-794928B5D19A}.Release|ARM.ActiveCfg = Release|Any CPU
		{FAB30CEF-03DA-4664-8E22-794928B5D19A}.Release|ARM.Build.0 = Release|Any CPU
		{FAB30CEF-03DA-4664-8E22-794928B5D19A}.Release|ARM64.ActiveCfg = Release|Any CPU
		{FAB30CEF-03DA-4664-8E22-794928B5D19A}.Release|ARM64.Build.0 = Release|Any CPU
		{FAB30CEF-03DA-4664-8E22-794928B5D19A}.Release|x64.ActiveCfg = Release|Any CPU
		{FAB30CEF-03DA-4664-8E22-794928B5D19A}.Release|x64.Build.0 = Release|Any CPU
		{FAB30CEF-03DA-4664-8E22-794928B5D19A}.Release|x86.ActiveCfg = Release|Any CPU
		{FAB30CEF-03DA-4664-8E22-794928B5D19A}.Release|x86.Build.0 = Release|Any CPU
		{0C82D535-0E8F-4334-B5DA-3AF8497291FA}.Debug|Any CPU.ActiveCfg = Debug|Any CPU
		{0C82D535-0E8F-4334-B5DA-3AF8497291FA}.Debug|Any CPU.Build.0 = Debug|Any CPU
		{0C82D535-0E8F-4334-B5DA-3AF8497291FA}.Debug|ARM.ActiveCfg = Debug|Any CPU
		{0C82D535-0E8F-4334-B5DA-3AF8497291FA}.Debug|ARM.Build.0 = Debug|Any CPU
		{0C82D535-0E8F-4334-B5DA-3AF8497291FA}.Debug|ARM64.ActiveCfg = Debug|Any CPU
		{0C82D535-0E8F-4334-B5DA-3AF8497291FA}.Debug|ARM64.Build.0 = Debug|Any CPU
		{0C82D535-0E8F-4334-B5DA-3AF8497291FA}.Debug|x64.ActiveCfg = Debug|Any CPU
		{0C82D535-0E8F-4334-B5DA-3AF8497291FA}.Debug|x64.Build.0 = Debug|Any CPU
		{0C82D535-0E8F-4334-B5DA-3AF8497291FA}.Debug|x86.ActiveCfg = Debug|Any CPU
		{0C82D535-0E8F-4334-B5DA-3AF8497291FA}.Debug|x86.Build.0 = Debug|Any CPU
		{0C82D535-0E8F-4334-B5DA-3AF8497291FA}.Release|Any CPU.ActiveCfg = Release|Any CPU
		{0C82D535-0E8F-4334-B5DA-3AF8497291FA}.Release|Any CPU.Build.0 = Release|Any CPU
		{0C82D535-0E8F-4334-B5DA-3AF8497291FA}.Release|ARM.ActiveCfg = Release|Any CPU
		{0C82D535-0E8F-4334-B5DA-3AF8497291FA}.Release|ARM.Build.0 = Release|Any CPU
		{0C82D535-0E8F-4334-B5DA-3AF8497291FA}.Release|ARM64.ActiveCfg = Release|Any CPU
		{0C82D535-0E8F-4334-B5DA-3AF8497291FA}.Release|ARM64.Build.0 = Release|Any CPU
		{0C82D535-0E8F-4334-B5DA-3AF8497291FA}.Release|x64.ActiveCfg = Release|Any CPU
		{0C82D535-0E8F-4334-B5DA-3AF8497291FA}.Release|x64.Build.0 = Release|Any CPU
		{0C82D535-0E8F-4334-B5DA-3AF8497291FA}.Release|x86.ActiveCfg = Release|Any CPU
		{0C82D535-0E8F-4334-B5DA-3AF8497291FA}.Release|x86.Build.0 = Release|Any CPU
		{715BC09E-5F2F-431C-AF20-7459255EFC2F}.Debug|Any CPU.ActiveCfg = Debug|Any CPU
		{715BC09E-5F2F-431C-AF20-7459255EFC2F}.Debug|Any CPU.Build.0 = Debug|Any CPU
		{715BC09E-5F2F-431C-AF20-7459255EFC2F}.Debug|ARM.ActiveCfg = Debug|Any CPU
		{715BC09E-5F2F-431C-AF20-7459255EFC2F}.Debug|ARM64.ActiveCfg = Debug|Any CPU
		{715BC09E-5F2F-431C-AF20-7459255EFC2F}.Debug|x64.ActiveCfg = Debug|Any CPU
		{715BC09E-5F2F-431C-AF20-7459255EFC2F}.Debug|x86.ActiveCfg = Debug|Any CPU
		{715BC09E-5F2F-431C-AF20-7459255EFC2F}.Release|Any CPU.ActiveCfg = Release|Any CPU
		{715BC09E-5F2F-431C-AF20-7459255EFC2F}.Release|Any CPU.Build.0 = Release|Any CPU
		{715BC09E-5F2F-431C-AF20-7459255EFC2F}.Release|ARM.ActiveCfg = Release|Any CPU
		{715BC09E-5F2F-431C-AF20-7459255EFC2F}.Release|ARM64.ActiveCfg = Release|Any CPU
		{715BC09E-5F2F-431C-AF20-7459255EFC2F}.Release|x64.ActiveCfg = Release|Any CPU
		{715BC09E-5F2F-431C-AF20-7459255EFC2F}.Release|x86.ActiveCfg = Release|Any CPU
		{7DFC58B0-E5B3-4D19-9C2C-F083D013903B}.Debug|Any CPU.ActiveCfg = Debug|Any CPU
		{7DFC58B0-E5B3-4D19-9C2C-F083D013903B}.Debug|Any CPU.Build.0 = Debug|Any CPU
		{7DFC58B0-E5B3-4D19-9C2C-F083D013903B}.Debug|ARM.ActiveCfg = Debug|Any CPU
		{7DFC58B0-E5B3-4D19-9C2C-F083D013903B}.Debug|ARM.Build.0 = Debug|Any CPU
		{7DFC58B0-E5B3-4D19-9C2C-F083D013903B}.Debug|ARM64.ActiveCfg = Debug|Any CPU
		{7DFC58B0-E5B3-4D19-9C2C-F083D013903B}.Debug|ARM64.Build.0 = Debug|Any CPU
		{7DFC58B0-E5B3-4D19-9C2C-F083D013903B}.Debug|x64.ActiveCfg = Debug|Any CPU
		{7DFC58B0-E5B3-4D19-9C2C-F083D013903B}.Debug|x64.Build.0 = Debug|Any CPU
		{7DFC58B0-E5B3-4D19-9C2C-F083D013903B}.Debug|x86.ActiveCfg = Debug|Any CPU
		{7DFC58B0-E5B3-4D19-9C2C-F083D013903B}.Debug|x86.Build.0 = Debug|Any CPU
		{7DFC58B0-E5B3-4D19-9C2C-F083D013903B}.Release|Any CPU.ActiveCfg = Release|Any CPU
		{7DFC58B0-E5B3-4D19-9C2C-F083D013903B}.Release|Any CPU.Build.0 = Release|Any CPU
		{7DFC58B0-E5B3-4D19-9C2C-F083D013903B}.Release|ARM.ActiveCfg = Release|Any CPU
		{7DFC58B0-E5B3-4D19-9C2C-F083D013903B}.Release|ARM.Build.0 = Release|Any CPU
		{7DFC58B0-E5B3-4D19-9C2C-F083D013903B}.Release|ARM64.ActiveCfg = Release|Any CPU
		{7DFC58B0-E5B3-4D19-9C2C-F083D013903B}.Release|ARM64.Build.0 = Release|Any CPU
		{7DFC58B0-E5B3-4D19-9C2C-F083D013903B}.Release|x64.ActiveCfg = Release|Any CPU
		{7DFC58B0-E5B3-4D19-9C2C-F083D013903B}.Release|x64.Build.0 = Release|Any CPU
		{7DFC58B0-E5B3-4D19-9C2C-F083D013903B}.Release|x86.ActiveCfg = Release|Any CPU
		{7DFC58B0-E5B3-4D19-9C2C-F083D013903B}.Release|x86.Build.0 = Release|Any CPU
		{F68629CB-CA6B-4E0A-81FB-FDD4EB86C28D}.Debug|Any CPU.ActiveCfg = Debug|x86
		{F68629CB-CA6B-4E0A-81FB-FDD4EB86C28D}.Debug|ARM.ActiveCfg = Debug|ARM
		{F68629CB-CA6B-4E0A-81FB-FDD4EB86C28D}.Debug|ARM.Build.0 = Debug|ARM
		{F68629CB-CA6B-4E0A-81FB-FDD4EB86C28D}.Debug|ARM.Deploy.0 = Debug|ARM
		{F68629CB-CA6B-4E0A-81FB-FDD4EB86C28D}.Debug|ARM64.ActiveCfg = Debug|ARM64
		{F68629CB-CA6B-4E0A-81FB-FDD4EB86C28D}.Debug|ARM64.Build.0 = Debug|ARM64
		{F68629CB-CA6B-4E0A-81FB-FDD4EB86C28D}.Debug|ARM64.Deploy.0 = Debug|ARM64
		{F68629CB-CA6B-4E0A-81FB-FDD4EB86C28D}.Debug|x64.ActiveCfg = Debug|x64
		{F68629CB-CA6B-4E0A-81FB-FDD4EB86C28D}.Debug|x64.Build.0 = Debug|x64
		{F68629CB-CA6B-4E0A-81FB-FDD4EB86C28D}.Debug|x64.Deploy.0 = Debug|x64
		{F68629CB-CA6B-4E0A-81FB-FDD4EB86C28D}.Debug|x86.ActiveCfg = Debug|x86
		{F68629CB-CA6B-4E0A-81FB-FDD4EB86C28D}.Debug|x86.Build.0 = Debug|x86
		{F68629CB-CA6B-4E0A-81FB-FDD4EB86C28D}.Debug|x86.Deploy.0 = Debug|x86
		{F68629CB-CA6B-4E0A-81FB-FDD4EB86C28D}.Release|Any CPU.ActiveCfg = Release|x86
		{F68629CB-CA6B-4E0A-81FB-FDD4EB86C28D}.Release|ARM.ActiveCfg = Release|ARM
		{F68629CB-CA6B-4E0A-81FB-FDD4EB86C28D}.Release|ARM.Build.0 = Release|ARM
		{F68629CB-CA6B-4E0A-81FB-FDD4EB86C28D}.Release|ARM.Deploy.0 = Release|ARM
		{F68629CB-CA6B-4E0A-81FB-FDD4EB86C28D}.Release|ARM64.ActiveCfg = Release|ARM64
		{F68629CB-CA6B-4E0A-81FB-FDD4EB86C28D}.Release|ARM64.Build.0 = Release|ARM64
		{F68629CB-CA6B-4E0A-81FB-FDD4EB86C28D}.Release|ARM64.Deploy.0 = Release|ARM64
		{F68629CB-CA6B-4E0A-81FB-FDD4EB86C28D}.Release|x64.ActiveCfg = Release|x64
		{F68629CB-CA6B-4E0A-81FB-FDD4EB86C28D}.Release|x64.Build.0 = Release|x64
		{F68629CB-CA6B-4E0A-81FB-FDD4EB86C28D}.Release|x64.Deploy.0 = Release|x64
		{F68629CB-CA6B-4E0A-81FB-FDD4EB86C28D}.Release|x86.ActiveCfg = Release|x86
		{F68629CB-CA6B-4E0A-81FB-FDD4EB86C28D}.Release|x86.Build.0 = Release|x86
		{F68629CB-CA6B-4E0A-81FB-FDD4EB86C28D}.Release|x86.Deploy.0 = Release|x86
		{D04DF586-3FA0-4432-A1E7-9C2E8520A1C2}.Debug|Any CPU.ActiveCfg = Debug|Any CPU
		{D04DF586-3FA0-4432-A1E7-9C2E8520A1C2}.Debug|Any CPU.Build.0 = Debug|Any CPU
		{D04DF586-3FA0-4432-A1E7-9C2E8520A1C2}.Debug|ARM.ActiveCfg = Debug|Any CPU
		{D04DF586-3FA0-4432-A1E7-9C2E8520A1C2}.Debug|ARM.Build.0 = Debug|Any CPU
		{D04DF586-3FA0-4432-A1E7-9C2E8520A1C2}.Debug|ARM64.ActiveCfg = Debug|Any CPU
		{D04DF586-3FA0-4432-A1E7-9C2E8520A1C2}.Debug|ARM64.Build.0 = Debug|Any CPU
		{D04DF586-3FA0-4432-A1E7-9C2E8520A1C2}.Debug|x64.ActiveCfg = Debug|Any CPU
		{D04DF586-3FA0-4432-A1E7-9C2E8520A1C2}.Debug|x64.Build.0 = Debug|Any CPU
		{D04DF586-3FA0-4432-A1E7-9C2E8520A1C2}.Debug|x86.ActiveCfg = Debug|Any CPU
		{D04DF586-3FA0-4432-A1E7-9C2E8520A1C2}.Debug|x86.Build.0 = Debug|Any CPU
		{D04DF586-3FA0-4432-A1E7-9C2E8520A1C2}.Release|Any CPU.ActiveCfg = Release|Any CPU
		{D04DF586-3FA0-4432-A1E7-9C2E8520A1C2}.Release|Any CPU.Build.0 = Release|Any CPU
		{D04DF586-3FA0-4432-A1E7-9C2E8520A1C2}.Release|ARM.ActiveCfg = Release|Any CPU
		{D04DF586-3FA0-4432-A1E7-9C2E8520A1C2}.Release|ARM.Build.0 = Release|Any CPU
		{D04DF586-3FA0-4432-A1E7-9C2E8520A1C2}.Release|ARM64.ActiveCfg = Release|Any CPU
		{D04DF586-3FA0-4432-A1E7-9C2E8520A1C2}.Release|ARM64.Build.0 = Release|Any CPU
		{D04DF586-3FA0-4432-A1E7-9C2E8520A1C2}.Release|x64.ActiveCfg = Release|Any CPU
		{D04DF586-3FA0-4432-A1E7-9C2E8520A1C2}.Release|x64.Build.0 = Release|Any CPU
		{D04DF586-3FA0-4432-A1E7-9C2E8520A1C2}.Release|x86.ActiveCfg = Release|Any CPU
		{D04DF586-3FA0-4432-A1E7-9C2E8520A1C2}.Release|x86.Build.0 = Release|Any CPU
		{C7479BE2-D3E6-4738-B16B-0BB846C425FC}.Debug|Any CPU.ActiveCfg = Debug|Any CPU
		{C7479BE2-D3E6-4738-B16B-0BB846C425FC}.Debug|Any CPU.Build.0 = Debug|Any CPU
		{C7479BE2-D3E6-4738-B16B-0BB846C425FC}.Debug|ARM.ActiveCfg = Debug|Any CPU
		{C7479BE2-D3E6-4738-B16B-0BB846C425FC}.Debug|ARM.Build.0 = Debug|Any CPU
		{C7479BE2-D3E6-4738-B16B-0BB846C425FC}.Debug|ARM64.ActiveCfg = Debug|Any CPU
		{C7479BE2-D3E6-4738-B16B-0BB846C425FC}.Debug|ARM64.Build.0 = Debug|Any CPU
		{C7479BE2-D3E6-4738-B16B-0BB846C425FC}.Debug|x64.ActiveCfg = Debug|Any CPU
		{C7479BE2-D3E6-4738-B16B-0BB846C425FC}.Debug|x64.Build.0 = Debug|Any CPU
		{C7479BE2-D3E6-4738-B16B-0BB846C425FC}.Debug|x86.ActiveCfg = Debug|Any CPU
		{C7479BE2-D3E6-4738-B16B-0BB846C425FC}.Debug|x86.Build.0 = Debug|Any CPU
		{C7479BE2-D3E6-4738-B16B-0BB846C425FC}.Release|Any CPU.ActiveCfg = Release|Any CPU
		{C7479BE2-D3E6-4738-B16B-0BB846C425FC}.Release|Any CPU.Build.0 = Release|Any CPU
		{C7479BE2-D3E6-4738-B16B-0BB846C425FC}.Release|ARM.ActiveCfg = Release|Any CPU
		{C7479BE2-D3E6-4738-B16B-0BB846C425FC}.Release|ARM.Build.0 = Release|Any CPU
		{C7479BE2-D3E6-4738-B16B-0BB846C425FC}.Release|ARM64.ActiveCfg = Release|Any CPU
		{C7479BE2-D3E6-4738-B16B-0BB846C425FC}.Release|ARM64.Build.0 = Release|Any CPU
		{C7479BE2-D3E6-4738-B16B-0BB846C425FC}.Release|x64.ActiveCfg = Release|Any CPU
		{C7479BE2-D3E6-4738-B16B-0BB846C425FC}.Release|x64.Build.0 = Release|Any CPU
		{C7479BE2-D3E6-4738-B16B-0BB846C425FC}.Release|x86.ActiveCfg = Release|Any CPU
		{C7479BE2-D3E6-4738-B16B-0BB846C425FC}.Release|x86.Build.0 = Release|Any CPU
		{E29D047D-1BA4-47A3-B513-A00B3CB891C6}.Debug|Any CPU.ActiveCfg = Debug|Any CPU
		{E29D047D-1BA4-47A3-B513-A00B3CB891C6}.Debug|Any CPU.Build.0 = Debug|Any CPU
		{E29D047D-1BA4-47A3-B513-A00B3CB891C6}.Debug|ARM.ActiveCfg = Debug|Any CPU
		{E29D047D-1BA4-47A3-B513-A00B3CB891C6}.Debug|ARM.Build.0 = Debug|Any CPU
		{E29D047D-1BA4-47A3-B513-A00B3CB891C6}.Debug|ARM64.ActiveCfg = Debug|Any CPU
		{E29D047D-1BA4-47A3-B513-A00B3CB891C6}.Debug|ARM64.Build.0 = Debug|Any CPU
		{E29D047D-1BA4-47A3-B513-A00B3CB891C6}.Debug|x64.ActiveCfg = Debug|Any CPU
		{E29D047D-1BA4-47A3-B513-A00B3CB891C6}.Debug|x64.Build.0 = Debug|Any CPU
		{E29D047D-1BA4-47A3-B513-A00B3CB891C6}.Debug|x86.ActiveCfg = Debug|Any CPU
		{E29D047D-1BA4-47A3-B513-A00B3CB891C6}.Debug|x86.Build.0 = Debug|Any CPU
		{E29D047D-1BA4-47A3-B513-A00B3CB891C6}.Release|Any CPU.ActiveCfg = Release|Any CPU
		{E29D047D-1BA4-47A3-B513-A00B3CB891C6}.Release|Any CPU.Build.0 = Release|Any CPU
		{E29D047D-1BA4-47A3-B513-A00B3CB891C6}.Release|ARM.ActiveCfg = Release|Any CPU
		{E29D047D-1BA4-47A3-B513-A00B3CB891C6}.Release|ARM.Build.0 = Release|Any CPU
		{E29D047D-1BA4-47A3-B513-A00B3CB891C6}.Release|ARM64.ActiveCfg = Release|Any CPU
		{E29D047D-1BA4-47A3-B513-A00B3CB891C6}.Release|ARM64.Build.0 = Release|Any CPU
		{E29D047D-1BA4-47A3-B513-A00B3CB891C6}.Release|x64.ActiveCfg = Release|Any CPU
		{E29D047D-1BA4-47A3-B513-A00B3CB891C6}.Release|x64.Build.0 = Release|Any CPU
		{E29D047D-1BA4-47A3-B513-A00B3CB891C6}.Release|x86.ActiveCfg = Release|Any CPU
		{E29D047D-1BA4-47A3-B513-A00B3CB891C6}.Release|x86.Build.0 = Release|Any CPU
		{42457992-A070-4998-8D39-36DFC1446345}.Debug|Any CPU.ActiveCfg = Debug|Any CPU
		{42457992-A070-4998-8D39-36DFC1446345}.Debug|Any CPU.Build.0 = Debug|Any CPU
		{42457992-A070-4998-8D39-36DFC1446345}.Debug|ARM.ActiveCfg = Debug|Any CPU
		{42457992-A070-4998-8D39-36DFC1446345}.Debug|ARM.Build.0 = Debug|Any CPU
		{42457992-A070-4998-8D39-36DFC1446345}.Debug|ARM64.ActiveCfg = Debug|Any CPU
		{42457992-A070-4998-8D39-36DFC1446345}.Debug|ARM64.Build.0 = Debug|Any CPU
		{42457992-A070-4998-8D39-36DFC1446345}.Debug|x64.ActiveCfg = Debug|Any CPU
		{42457992-A070-4998-8D39-36DFC1446345}.Debug|x64.Build.0 = Debug|Any CPU
		{42457992-A070-4998-8D39-36DFC1446345}.Debug|x86.ActiveCfg = Debug|Any CPU
		{42457992-A070-4998-8D39-36DFC1446345}.Debug|x86.Build.0 = Debug|Any CPU
		{42457992-A070-4998-8D39-36DFC1446345}.Release|Any CPU.ActiveCfg = Release|Any CPU
		{42457992-A070-4998-8D39-36DFC1446345}.Release|Any CPU.Build.0 = Release|Any CPU
		{42457992-A070-4998-8D39-36DFC1446345}.Release|ARM.ActiveCfg = Release|Any CPU
		{42457992-A070-4998-8D39-36DFC1446345}.Release|ARM.Build.0 = Release|Any CPU
		{42457992-A070-4998-8D39-36DFC1446345}.Release|ARM64.ActiveCfg = Release|Any CPU
		{42457992-A070-4998-8D39-36DFC1446345}.Release|ARM64.Build.0 = Release|Any CPU
		{42457992-A070-4998-8D39-36DFC1446345}.Release|x64.ActiveCfg = Release|Any CPU
		{42457992-A070-4998-8D39-36DFC1446345}.Release|x64.Build.0 = Release|Any CPU
		{42457992-A070-4998-8D39-36DFC1446345}.Release|x86.ActiveCfg = Release|Any CPU
		{42457992-A070-4998-8D39-36DFC1446345}.Release|x86.Build.0 = Release|Any CPU
	EndGlobalSection
	GlobalSection(SolutionProperties) = preSolution
		HideSolutionNode = FALSE
	EndGlobalSection
	GlobalSection(NestedProjects) = preSolution
		{7DFC58B0-E5B3-4D19-9C2C-F083D013903B} = {1DAD2BC2-E561-48A6-82A4-3717D4D2EA02}
		{F68629CB-CA6B-4E0A-81FB-FDD4EB86C28D} = {1DAD2BC2-E561-48A6-82A4-3717D4D2EA02}
		{D04DF586-3FA0-4432-A1E7-9C2E8520A1C2} = {1DAD2BC2-E561-48A6-82A4-3717D4D2EA02}
		{C7479BE2-D3E6-4738-B16B-0BB846C425FC} = {1DAD2BC2-E561-48A6-82A4-3717D4D2EA02}
		{E29D047D-1BA4-47A3-B513-A00B3CB891C6} = {1DAD2BC2-E561-48A6-82A4-3717D4D2EA02}
		{42457992-A070-4998-8D39-36DFC1446345} = {1DAD2BC2-E561-48A6-82A4-3717D4D2EA02}
	EndGlobalSection
	GlobalSection(ExtensibilityGlobals) = postSolution
		SolutionGuid = {1DBAC974-4A21-4685-9A38-9D0F4E03549D}
	EndGlobalSection
EndGlobal
